// !$*UTF8*$!
{
	archiveVersion = 1;
	classes = {
	};
	objectVersion = 56;
	objects = {

/* Begin PBXBuildFile section */
		0B03C4632B05602D00CD7FA7 /* MemoriesApp.swift in Sources */ = {isa = PBXBuildFile; fileRef = 0B03C4622B05602D00CD7FA7 /* MemoriesApp.swift */; };
		0B03C4652B05602D00CD7FA7 /* EmojiMemoryGameView.swift in Sources */ = {isa = PBXBuildFile; fileRef = 0B03C4642B05602D00CD7FA7 /* EmojiMemoryGameView.swift */; };
		0B03C4672B05602F00CD7FA7 /* Assets.xcassets in Resources */ = {isa = PBXBuildFile; fileRef = 0B03C4662B05602F00CD7FA7 /* Assets.xcassets */; };
		0B03C46A2B05602F00CD7FA7 /* Preview Assets.xcassets in Resources */ = {isa = PBXBuildFile; fileRef = 0B03C4692B05602F00CD7FA7 /* Preview Assets.xcassets */; };
		0B03C4742B05602F00CD7FA7 /* MemoriesTests.swift in Sources */ = {isa = PBXBuildFile; fileRef = 0B03C4732B05602F00CD7FA7 /* MemoriesTests.swift */; };
		0B03C47E2B05602F00CD7FA7 /* MemoriesUITests.swift in Sources */ = {isa = PBXBuildFile; fileRef = 0B03C47D2B05602F00CD7FA7 /* MemoriesUITests.swift */; };
		0B03C4802B05602F00CD7FA7 /* MemoriesUITestsLaunchTests.swift in Sources */ = {isa = PBXBuildFile; fileRef = 0B03C47F2B05602F00CD7FA7 /* MemoriesUITestsLaunchTests.swift */; };
		0B03C48D2B056F1900CD7FA7 /* EmojiMemoryGameModel.swift in Sources */ = {isa = PBXBuildFile; fileRef = 0B03C48C2B056F1900CD7FA7 /* EmojiMemoryGameModel.swift */; };
		0B03C48F2B0572A800CD7FA7 /* EmojiMemoryGameVM.swift in Sources */ = {isa = PBXBuildFile; fileRef = 0B03C48E2B0572A800CD7FA7 /* EmojiMemoryGameVM.swift */; };
		0B03C4CD2B09D1BB00CD7FA7 /* AspectVGrid.swift in Sources */ = {isa = PBXBuildFile; fileRef = 0B03C4CC2B09D1BB00CD7FA7 /* AspectVGrid.swift */; };
		0BE116202B0A1E4000D9AB19 /* File.swift in Sources */ = {isa = PBXBuildFile; fileRef = 0BE1161F2B0A1E4000D9AB19 /* File.swift */; };
		0BE116222B0D2AAE00D9AB19 /* Cardify.swift in Sources */ = {isa = PBXBuildFile; fileRef = 0BE116212B0D2AAE00D9AB19 /* Cardify.swift */; };
/* End PBXBuildFile section */

/* Begin PBXContainerItemProxy section */
		0B03C4702B05602F00CD7FA7 /* PBXContainerItemProxy */ = {
			isa = PBXContainerItemProxy;
			containerPortal = 0B03C4572B05602D00CD7FA7 /* Project object */;
			proxyType = 1;
			remoteGlobalIDString = 0B03C45E2B05602D00CD7FA7;
			remoteInfo = Memories;
		};
		0B03C47A2B05602F00CD7FA7 /* PBXContainerItemProxy */ = {
			isa = PBXContainerItemProxy;
			containerPortal = 0B03C4572B05602D00CD7FA7 /* Project object */;
			proxyType = 1;
			remoteGlobalIDString = 0B03C45E2B05602D00CD7FA7;
			remoteInfo = Memories;
		};
/* End PBXContainerItemProxy section */

/* Begin PBXFileReference section */
		0B03C45F2B05602D00CD7FA7 /* Memories.app */ = {isa = PBXFileReference; explicitFileType = wrapper.application; includeInIndex = 0; path = Memories.app; sourceTree = BUILT_PRODUCTS_DIR; };
		0B03C4622B05602D00CD7FA7 /* MemoriesApp.swift */ = {isa = PBXFileReference; lastKnownFileType = sourcecode.swift; path = MemoriesApp.swift; sourceTree = "<group>"; };
		0B03C4642B05602D00CD7FA7 /* EmojiMemoryGameView.swift */ = {isa = PBXFileReference; lastKnownFileType = sourcecode.swift; path = EmojiMemoryGameView.swift; sourceTree = "<group>"; };
		0B03C4662B05602F00CD7FA7 /* Assets.xcassets */ = {isa = PBXFileReference; lastKnownFileType = folder.assetcatalog; path = Assets.xcassets; sourceTree = "<group>"; };
		0B03C4692B05602F00CD7FA7 /* Preview Assets.xcassets */ = {isa = PBXFileReference; lastKnownFileType = folder.assetcatalog; path = "Preview Assets.xcassets"; sourceTree = "<group>"; };
		0B03C46F2B05602F00CD7FA7 /* MemoriesTests.xctest */ = {isa = PBXFileReference; explicitFileType = wrapper.cfbundle; includeInIndex = 0; path = MemoriesTests.xctest; sourceTree = BUILT_PRODUCTS_DIR; };
		0B03C4732B05602F00CD7FA7 /* MemoriesTests.swift */ = {isa = PBXFileReference; lastKnownFileType = sourcecode.swift; path = MemoriesTests.swift; sourceTree = "<group>"; };
		0B03C4792B05602F00CD7FA7 /* MemoriesUITests.xctest */ = {isa = PBXFileReference; explicitFileType = wrapper.cfbundle; includeInIndex = 0; path = MemoriesUITests.xctest; sourceTree = BUILT_PRODUCTS_DIR; };
		0B03C47D2B05602F00CD7FA7 /* MemoriesUITests.swift */ = {isa = PBXFileReference; lastKnownFileType = sourcecode.swift; path = MemoriesUITests.swift; sourceTree = "<group>"; };
		0B03C47F2B05602F00CD7FA7 /* MemoriesUITestsLaunchTests.swift */ = {isa = PBXFileReference; lastKnownFileType = sourcecode.swift; path = MemoriesUITestsLaunchTests.swift; sourceTree = "<group>"; };
		0B03C48C2B056F1900CD7FA7 /* EmojiMemoryGameModel.swift */ = {isa = PBXFileReference; lastKnownFileType = sourcecode.swift; path = EmojiMemoryGameModel.swift; sourceTree = "<group>"; };
		0B03C48E2B0572A800CD7FA7 /* EmojiMemoryGameVM.swift */ = {isa = PBXFileReference; lastKnownFileType = sourcecode.swift; path = EmojiMemoryGameVM.swift; sourceTree = "<group>"; };
		0B03C4CC2B09D1BB00CD7FA7 /* AspectVGrid.swift */ = {isa = PBXFileReference; lastKnownFileType = sourcecode.swift; path = AspectVGrid.swift; sourceTree = "<group>"; };
		0BE1161F2B0A1E4000D9AB19 /* File.swift */ = {isa = PBXFileReference; lastKnownFileType = sourcecode.swift; path = File.swift; sourceTree = SOURCE_ROOT; };
		0BE116212B0D2AAE00D9AB19 /* Cardify.swift */ = {isa = PBXFileReference; lastKnownFileType = sourcecode.swift; path = Cardify.swift; sourceTree = "<group>"; };
/* End PBXFileReference section */

/* Begin PBXFrameworksBuildPhase section */
		0B03C45C2B05602D00CD7FA7 /* Frameworks */ = {
			isa = PBXFrameworksBuildPhase;
			buildActionMask = 2147483647;
			files = (
			);
			runOnlyForDeploymentPostprocessing = 0;
		};
		0B03C46C2B05602F00CD7FA7 /* Frameworks */ = {
			isa = PBXFrameworksBuildPhase;
			buildActionMask = 2147483647;
			files = (
			);
			runOnlyForDeploymentPostprocessing = 0;
		};
		0B03C4762B05602F00CD7FA7 /* Frameworks */ = {
			isa = PBXFrameworksBuildPhase;
			buildActionMask = 2147483647;
			files = (
			);
			runOnlyForDeploymentPostprocessing = 0;
		};
/* End PBXFrameworksBuildPhase section */

/* Begin PBXGroup section */
		0B03C4562B05602D00CD7FA7 = {
			isa = PBXGroup;
			children = (
				0B03C4612B05602D00CD7FA7 /* Memories */,
				0B03C4722B05602F00CD7FA7 /* MemoriesTests */,
				0B03C47C2B05602F00CD7FA7 /* MemoriesUITests */,
				0B03C4602B05602D00CD7FA7 /* Products */,
			);
			sourceTree = "<group>";
		};
		0B03C4602B05602D00CD7FA7 /* Products */ = {
			isa = PBXGroup;
			children = (
				0B03C45F2B05602D00CD7FA7 /* Memories.app */,
				0B03C46F2B05602F00CD7FA7 /* MemoriesTests.xctest */,
				0B03C4792B05602F00CD7FA7 /* MemoriesUITests.xctest */,
			);
			name = Products;
			sourceTree = "<group>";
		};
		0B03C4612B05602D00CD7FA7 /* Memories */ = {
			isa = PBXGroup;
			children = (
				0BE1161F2B0A1E4000D9AB19 /* File.swift */,
				0B03C4622B05602D00CD7FA7 /* MemoriesApp.swift */,
				0B03C4642B05602D00CD7FA7 /* EmojiMemoryGameView.swift */,
				0BE116212B0D2AAE00D9AB19 /* Cardify.swift */,
				0B03C4CC2B09D1BB00CD7FA7 /* AspectVGrid.swift */,
				0B03C48C2B056F1900CD7FA7 /* EmojiMemoryGameModel.swift */,
				0B03C48E2B0572A800CD7FA7 /* EmojiMemoryGameVM.swift */,
				0B03C4662B05602F00CD7FA7 /* Assets.xcassets */,
				0B03C4682B05602F00CD7FA7 /* Preview Content */,
			);
			path = Memories;
			sourceTree = "<group>";
		};
		0B03C4682B05602F00CD7FA7 /* Preview Content */ = {
			isa = PBXGroup;
			children = (
				0B03C4692B05602F00CD7FA7 /* Preview Assets.xcassets */,
			);
			path = "Preview Content";
			sourceTree = "<group>";
		};
		0B03C4722B05602F00CD7FA7 /* MemoriesTests */ = {
			isa = PBXGroup;
			children = (
				0B03C4732B05602F00CD7FA7 /* MemoriesTests.swift */,
			);
			path = MemoriesTests;
			sourceTree = "<group>";
		};
		0B03C47C2B05602F00CD7FA7 /* MemoriesUITests */ = {
			isa = PBXGroup;
			children = (
				0B03C47D2B05602F00CD7FA7 /* MemoriesUITests.swift */,
				0B03C47F2B05602F00CD7FA7 /* MemoriesUITestsLaunchTests.swift */,
			);
			path = MemoriesUITests;
			sourceTree = "<group>";
		};
/* End PBXGroup section */

/* Begin PBXNativeTarget section */
		0B03C45E2B05602D00CD7FA7 /* Memories */ = {
			isa = PBXNativeTarget;
			buildConfigurationList = 0B03C4832B05602F00CD7FA7 /* Build configuration list for PBXNativeTarget "Memories" */;
			buildPhases = (
				0B03C45B2B05602D00CD7FA7 /* Sources */,
				0B03C45C2B05602D00CD7FA7 /* Frameworks */,
				0B03C45D2B05602D00CD7FA7 /* Resources */,
			);
			buildRules = (
			);
			dependencies = (
			);
			name = Memories;
			productName = Memories;
			productReference = 0B03C45F2B05602D00CD7FA7 /* Memories.app */;
			productType = "com.apple.product-type.application";
		};
		0B03C46E2B05602F00CD7FA7 /* MemoriesTests */ = {
			isa = PBXNativeTarget;
			buildConfigurationList = 0B03C4862B05602F00CD7FA7 /* Build configuration list for PBXNativeTarget "MemoriesTests" */;
			buildPhases = (
				0B03C46B2B05602F00CD7FA7 /* Sources */,
				0B03C46C2B05602F00CD7FA7 /* Frameworks */,
				0B03C46D2B05602F00CD7FA7 /* Resources */,
			);
			buildRules = (
			);
			dependencies = (
				0B03C4712B05602F00CD7FA7 /* PBXTargetDependency */,
			);
			name = MemoriesTests;
			productName = MemoriesTests;
			productReference = 0B03C46F2B05602F00CD7FA7 /* MemoriesTests.xctest */;
			productType = "com.apple.product-type.bundle.unit-test";
		};
		0B03C4782B05602F00CD7FA7 /* MemoriesUITests */ = {
			isa = PBXNativeTarget;
			buildConfigurationList = 0B03C4892B05602F00CD7FA7 /* Build configuration list for PBXNativeTarget "MemoriesUITests" */;
			buildPhases = (
				0B03C4752B05602F00CD7FA7 /* Sources */,
				0B03C4762B05602F00CD7FA7 /* Frameworks */,
				0B03C4772B05602F00CD7FA7 /* Resources */,
			);
			buildRules = (
			);
			dependencies = (
				0B03C47B2B05602F00CD7FA7 /* PBXTargetDependency */,
			);
			name = MemoriesUITests;
			productName = MemoriesUITests;
			productReference = 0B03C4792B05602F00CD7FA7 /* MemoriesUITests.xctest */;
			productType = "com.apple.product-type.bundle.ui-testing";
		};
/* End PBXNativeTarget section */

/* Begin PBXProject section */
		0B03C4572B05602D00CD7FA7 /* Project object */ = {
			isa = PBXProject;
			attributes = {
				BuildIndependentTargetsInParallel = 1;
				LastSwiftUpdateCheck = 1500;
				LastUpgradeCheck = 1500;
				TargetAttributes = {
					0B03C45E2B05602D00CD7FA7 = {
						CreatedOnToolsVersion = 15.0.1;
					};
					0B03C46E2B05602F00CD7FA7 = {
						CreatedOnToolsVersion = 15.0.1;
						TestTargetID = 0B03C45E2B05602D00CD7FA7;
					};
					0B03C4782B05602F00CD7FA7 = {
						CreatedOnToolsVersion = 15.0.1;
						TestTargetID = 0B03C45E2B05602D00CD7FA7;
					};
				};
			};
			buildConfigurationList = 0B03C45A2B05602D00CD7FA7 /* Build configuration list for PBXProject "Memories" */;
			compatibilityVersion = "Xcode 14.0";
			developmentRegion = en;
			hasScannedForEncodings = 0;
			knownRegions = (
				en,
				Base,
			);
			mainGroup = 0B03C4562B05602D00CD7FA7;
			productRefGroup = 0B03C4602B05602D00CD7FA7 /* Products */;
			projectDirPath = "";
			projectRoot = "";
			targets = (
				0B03C45E2B05602D00CD7FA7 /* Memories */,
				0B03C46E2B05602F00CD7FA7 /* MemoriesTests */,
				0B03C4782B05602F00CD7FA7 /* MemoriesUITests */,
			);
		};
/* End PBXProject section */

/* Begin PBXResourcesBuildPhase section */
		0B03C45D2B05602D00CD7FA7 /* Resources */ = {
			isa = PBXResourcesBuildPhase;
			buildActionMask = 2147483647;
			files = (
				0B03C46A2B05602F00CD7FA7 /* Preview Assets.xcassets in Resources */,
				0B03C4672B05602F00CD7FA7 /* Assets.xcassets in Resources */,
			);
			runOnlyForDeploymentPostprocessing = 0;
		};
		0B03C46D2B05602F00CD7FA7 /* Resources */ = {
			isa = PBXResourcesBuildPhase;
			buildActionMask = 2147483647;
			files = (
			);
			runOnlyForDeploymentPostprocessing = 0;
		};
		0B03C4772B05602F00CD7FA7 /* Resources */ = {
			isa = PBXResourcesBuildPhase;
			buildActionMask = 2147483647;
			files = (
			);
			runOnlyForDeploymentPostprocessing = 0;
		};
/* End PBXResourcesBuildPhase section */

/* Begin PBXSourcesBuildPhase section */
		0B03C45B2B05602D00CD7FA7 /* Sources */ = {
			isa = PBXSourcesBuildPhase;
			buildActionMask = 2147483647;
			files = (
				0B03C48F2B0572A800CD7FA7 /* EmojiMemoryGameVM.swift in Sources */,
				0BE116222B0D2AAE00D9AB19 /* Cardify.swift in Sources */,
				0BE116202B0A1E4000D9AB19 /* File.swift in Sources */,
				0B03C48D2B056F1900CD7FA7 /* EmojiMemoryGameModel.swift in Sources */,
				0B03C4652B05602D00CD7FA7 /* EmojiMemoryGameView.swift in Sources */,
				0B03C4CD2B09D1BB00CD7FA7 /* AspectVGrid.swift in Sources */,
				0B03C4632B05602D00CD7FA7 /* MemoriesApp.swift in Sources */,
			);
			runOnlyForDeploymentPostprocessing = 0;
		};
		0B03C46B2B05602F00CD7FA7 /* Sources */ = {
			isa = PBXSourcesBuildPhase;
			buildActionMask = 2147483647;
			files = (
				0B03C4742B05602F00CD7FA7 /* MemoriesTests.swift in Sources */,
			);
			runOnlyForDeploymentPostprocessing = 0;
		};
		0B03C4752B05602F00CD7FA7 /* Sources */ = {
			isa = PBXSourcesBuildPhase;
			buildActionMask = 2147483647;
			files = (
				0B03C4802B05602F00CD7FA7 /* MemoriesUITestsLaunchTests.swift in Sources */,
				0B03C47E2B05602F00CD7FA7 /* MemoriesUITests.swift in Sources */,
			);
			runOnlyForDeploymentPostprocessing = 0;
		};
/* End PBXSourcesBuildPhase section */

/* Begin PBXTargetDependency section */
		0B03C4712B05602F00CD7FA7 /* PBXTargetDependency */ = {
			isa = PBXTargetDependency;
			target = 0B03C45E2B05602D00CD7FA7 /* Memories */;
			targetProxy = 0B03C4702B05602F00CD7FA7 /* PBXContainerItemProxy */;
		};
		0B03C47B2B05602F00CD7FA7 /* PBXTargetDependency */ = {
			isa = PBXTargetDependency;
			target = 0B03C45E2B05602D00CD7FA7 /* Memories */;
			targetProxy = 0B03C47A2B05602F00CD7FA7 /* PBXContainerItemProxy */;
		};
/* End PBXTargetDependency section */

/* Begin XCBuildConfiguration section */
		0B03C4812B05602F00CD7FA7 /* Debug */ = {
			isa = XCBuildConfiguration;
			buildSettings = {
				ALWAYS_SEARCH_USER_PATHS = NO;
				ASSETCATALOG_COMPILER_GENERATE_SWIFT_ASSET_SYMBOL_EXTENSIONS = YES;
				CLANG_ANALYZER_NONNULL = YES;
				CLANG_ANALYZER_NUMBER_OBJECT_CONVERSION = YES_AGGRESSIVE;
				CLANG_CXX_LANGUAGE_STANDARD = "gnu++20";
				CLANG_ENABLE_MODULES = YES;
				CLANG_ENABLE_OBJC_ARC = YES;
				CLANG_ENABLE_OBJC_WEAK = YES;
				CLANG_WARN_BLOCK_CAPTURE_AUTORELEASING = YES;
				CLANG_WARN_BOOL_CONVERSION = YES;
				CLANG_WARN_COMMA = YES;
				CLANG_WARN_CONSTANT_CONVERSION = YES;
				CLANG_WARN_DEPRECATED_OBJC_IMPLEMENTATIONS = YES;
				CLANG_WARN_DIRECT_OBJC_ISA_USAGE = YES_ERROR;
				CLANG_WARN_DOCUMENTATION_COMMENTS = YES;
				CLANG_WARN_EMPTY_BODY = YES;
				CLANG_WARN_ENUM_CONVERSION = YES;
				CLANG_WARN_INFINITE_RECURSION = YES;
				CLANG_WARN_INT_CONVERSION = YES;
				CLANG_WARN_NON_LITERAL_NULL_CONVERSION = YES;
				CLANG_WARN_OBJC_IMPLICIT_RETAIN_SELF = YES;
				CLANG_WARN_OBJC_LITERAL_CONVERSION = YES;
				CLANG_WARN_OBJC_ROOT_CLASS = YES_ERROR;
				CLANG_WARN_QUOTED_INCLUDE_IN_FRAMEWORK_HEADER = YES;
				CLANG_WARN_RANGE_LOOP_ANALYSIS = YES;
				CLANG_WARN_STRICT_PROTOTYPES = YES;
				CLANG_WARN_SUSPICIOUS_MOVE = YES;
				CLANG_WARN_UNGUARDED_AVAILABILITY = YES_AGGRESSIVE;
				CLANG_WARN_UNREACHABLE_CODE = YES;
				CLANG_WARN__DUPLICATE_METHOD_MATCH = YES;
				COPY_PHASE_STRIP = NO;
				DEBUG_INFORMATION_FORMAT = dwarf;
				ENABLE_STRICT_OBJC_MSGSEND = YES;
				ENABLE_TESTABILITY = YES;
				ENABLE_USER_SCRIPT_SANDBOXING = YES;
				GCC_C_LANGUAGE_STANDARD = gnu17;
				GCC_DYNAMIC_NO_PIC = NO;
				GCC_NO_COMMON_BLOCKS = YES;
				GCC_OPTIMIZATION_LEVEL = 0;
				GCC_PREPROCESSOR_DEFINITIONS = (
					"DEBUG=1",
					"$(inherited)",
				);
				GCC_WARN_64_TO_32_BIT_CONVERSION = YES;
				GCC_WARN_ABOUT_RETURN_TYPE = YES_ERROR;
				GCC_WARN_UNDECLARED_SELECTOR = YES;
				GCC_WARN_UNINITIALIZED_AUTOS = YES_AGGRESSIVE;
				GCC_WARN_UNUSED_FUNCTION = YES;
				GCC_WARN_UNUSED_VARIABLE = YES;
				IPHONEOS_DEPLOYMENT_TARGET = 17.0;
				LOCALIZATION_PREFERS_STRING_CATALOGS = YES;
				MTL_ENABLE_DEBUG_INFO = INCLUDE_SOURCE;
				MTL_FAST_MATH = YES;
				ONLY_ACTIVE_ARCH = YES;
				SDKROOT = iphoneos;
				SWIFT_ACTIVE_COMPILATION_CONDITIONS = "DEBUG $(inherited)";
				SWIFT_OPTIMIZATION_LEVEL = "-Onone";
			};
			name = Debug;
		};
		0B03C4822B05602F00CD7FA7 /* Release */ = {
			isa = XCBuildConfiguration;
			buildSettings = {
				ALWAYS_SEARCH_USER_PATHS = NO;
				ASSETCATALOG_COMPILER_GENERATE_SWIFT_ASSET_SYMBOL_EXTENSIONS = YES;
				CLANG_ANALYZER_NONNULL = YES;
				CLANG_ANALYZER_NUMBER_OBJECT_CONVERSION = YES_AGGRESSIVE;
				CLANG_CXX_LANGUAGE_STANDARD = "gnu++20";
				CLANG_ENABLE_MODULES = YES;
				CLANG_ENABLE_OBJC_ARC = YES;
				CLANG_ENABLE_OBJC_WEAK = YES;
				CLANG_WARN_BLOCK_CAPTURE_AUTORELEASING = YES;
				CLANG_WARN_BOOL_CONVERSION = YES;
				CLANG_WARN_COMMA = YES;
				CLANG_WARN_CONSTANT_CONVERSION = YES;
				CLANG_WARN_DEPRECATED_OBJC_IMPLEMENTATIONS = YES;
				CLANG_WARN_DIRECT_OBJC_ISA_USAGE = YES_ERROR;
				CLANG_WARN_DOCUMENTATION_COMMENTS = YES;
				CLANG_WARN_EMPTY_BODY = YES;
				CLANG_WARN_ENUM_CONVERSION = YES;
				CLANG_WARN_INFINITE_RECURSION = YES;
				CLANG_WARN_INT_CONVERSION = YES;
				CLANG_WARN_NON_LITERAL_NULL_CONVERSION = YES;
				CLANG_WARN_OBJC_IMPLICIT_RETAIN_SELF = YES;
				CLANG_WARN_OBJC_LITERAL_CONVERSION = YES;
				CLANG_WARN_OBJC_ROOT_CLASS = YES_ERROR;
				CLANG_WARN_QUOTED_INCLUDE_IN_FRAMEWORK_HEADER = YES;
				CLANG_WARN_RANGE_LOOP_ANALYSIS = YES;
				CLANG_WARN_STRICT_PROTOTYPES = YES;
				CLANG_WARN_SUSPICIOUS_MOVE = YES;
				CLANG_WARN_UNGUARDED_AVAILABILITY = YES_AGGRESSIVE;
				CLANG_WARN_UNREACHABLE_CODE = YES;
				CLANG_WARN__DUPLICATE_METHOD_MATCH = YES;
				COPY_PHASE_STRIP = NO;
				DEBUG_INFORMATION_FORMAT = "dwarf-with-dsym";
				ENABLE_NS_ASSERTIONS = NO;
				ENABLE_STRICT_OBJC_MSGSEND = YES;
				ENABLE_USER_SCRIPT_SANDBOXING = YES;
				GCC_C_LANGUAGE_STANDARD = gnu17;
				GCC_NO_COMMON_BLOCKS = YES;
				GCC_WARN_64_TO_32_BIT_CONVERSION = YES;
				GCC_WARN_ABOUT_RETURN_TYPE = YES_ERROR;
				GCC_WARN_UNDECLARED_SELECTOR = YES;
				GCC_WARN_UNINITIALIZED_AUTOS = YES_AGGRESSIVE;
				GCC_WARN_UNUSED_FUNCTION = YES;
				GCC_WARN_UNUSED_VARIABLE = YES;
				IPHONEOS_DEPLOYMENT_TARGET = 17.0;
				LOCALIZATION_PREFERS_STRING_CATALOGS = YES;
				MTL_ENABLE_DEBUG_INFO = NO;
				MTL_FAST_MATH = YES;
				SDKROOT = iphoneos;
				SWIFT_COMPILATION_MODE = wholemodule;
				VALIDATE_PRODUCT = YES;
			};
			name = Release;
		};
		0B03C4842B05602F00CD7FA7 /* Debug */ = {
			isa = XCBuildConfiguration;
			buildSettings = {
				ASSETCATALOG_COMPILER_APPICON_NAME = AppIcon;
				ASSETCATALOG_COMPILER_GLOBAL_ACCENT_COLOR_NAME = AccentColor;
				ASSETCATALOG_COMPILER_INCLUDE_ALL_APPICON_ASSETS = NO;
				CODE_SIGN_STYLE = Automatic;
				CURRENT_PROJECT_VERSION = 1;
				DEVELOPMENT_ASSET_PATHS = "\"Memories/Preview Content\"";
				ENABLE_PREVIEWS = YES;
				GENERATE_INFOPLIST_FILE = YES;
				INFOPLIST_KEY_UIApplicationSceneManifest_Generation = YES;
				INFOPLIST_KEY_UIApplicationSupportsIndirectInputEvents = YES;
				INFOPLIST_KEY_UILaunchScreen_Generation = YES;
				INFOPLIST_KEY_UISupportedInterfaceOrientations_iPad = "UIInterfaceOrientationPortrait UIInterfaceOrientationPortraitUpsideDown UIInterfaceOrientationLandscapeLeft UIInterfaceOrientationLandscapeRight";
				INFOPLIST_KEY_UISupportedInterfaceOrientations_iPhone = "UIInterfaceOrientationPortrait UIInterfaceOrientationLandscapeLeft UIInterfaceOrientationLandscapeRight";
				LD_RUNPATH_SEARCH_PATHS = (
					"$(inherited)",
					"@executable_path/Frameworks",
				);
				MARKETING_VERSION = 1.0;
				PRODUCT_BUNDLE_IDENTIFIER = giddy.Memories;
				PRODUCT_NAME = "$(TARGET_NAME)";
				SWIFT_EMIT_LOC_STRINGS = YES;
				SWIFT_VERSION = 5.0;
				TARGETED_DEVICE_FAMILY = "1,2";
			};
			name = Debug;
		};
		0B03C4852B05602F00CD7FA7 /* Release */ = {
			isa = XCBuildConfiguration;
			buildSettings = {
				ASSETCATALOG_COMPILER_APPICON_NAME = AppIcon;
				ASSETCATALOG_COMPILER_GLOBAL_ACCENT_COLOR_NAME = AccentColor;
				ASSETCATALOG_COMPILER_INCLUDE_ALL_APPICON_ASSETS = NO;
				CODE_SIGN_STYLE = Automatic;
				CURRENT_PROJECT_VERSION = 1;
				DEVELOPMENT_ASSET_PATHS = "\"Memories/Preview Content\"";
				ENABLE_PREVIEWS = YES;
				GENERATE_INFOPLIST_FILE = YES;
				INFOPLIST_KEY_UIApplicationSceneManifest_Generation = YES;
				INFOPLIST_KEY_UIApplicationSupportsIndirectInputEvents = YES;
				INFOPLIST_KEY_UILaunchScreen_Generation = YES;
				INFOPLIST_KEY_UISupportedInterfaceOrientations_iPad = "UIInterfaceOrientationPortrait UIInterfaceOrientationPortraitUpsideDown UIInterfaceOrientationLandscapeLeft UIInterfaceOrientationLandscapeRight";
				INFOPLIST_KEY_UISupportedInterfaceOrientations_iPhone = "UIInterfaceOrientationPortrait UIInterfaceOrientationLandscapeLeft UIInterfaceOrientationLandscapeRight";
				LD_RUNPATH_SEARCH_PATHS = (
					"$(inherited)",
					"@executable_path/Frameworks",
				);
				MARKETING_VERSION = 1.0;
				PRODUCT_BUNDLE_IDENTIFIER = giddy.Memories;
				PRODUCT_NAME = "$(TARGET_NAME)";
				SWIFT_EMIT_LOC_STRINGS = YES;
				SWIFT_VERSION = 5.0;
				TARGETED_DEVICE_FAMILY = "1,2";
			};
			name = Release;
		};
		0B03C4872B05602F00CD7FA7 /* Debug */ = {
			isa = XCBuildConfiguration;
			buildSettings = {
				ALWAYS_EMBED_SWIFT_STANDARD_LIBRARIES = YES;
				BUNDLE_LOADER = "$(TEST_HOST)";
				CODE_SIGN_STYLE = Automatic;
				CURRENT_PROJECT_VERSION = 1;
				GENERATE_INFOPLIST_FILE = YES;
				IPHONEOS_DEPLOYMENT_TARGET = 17.0;
				MARKETING_VERSION = 1.0;
				PRODUCT_BUNDLE_IDENTIFIER = giddy.MemoriesTests;
				PRODUCT_NAME = "$(TARGET_NAME)";
				SWIFT_EMIT_LOC_STRINGS = NO;
				SWIFT_VERSION = 5.0;
				TARGETED_DEVICE_FAMILY = "1,2";
				TEST_HOST = "$(BUILT_PRODUCTS_DIR)/Memories.app/$(BUNDLE_EXECUTABLE_FOLDER_PATH)/Memories";
			};
			name = Debug;
		};
		0B03C4882B05602F00CD7FA7 /* Release */ = {
			isa = XCBuildConfiguration;
			buildSettings = {
				ALWAYS_EMBED_SWIFT_STANDARD_LIBRARIES = YES;
				BUNDLE_LOADER = "$(TEST_HOST)";
				CODE_SIGN_STYLE = Automatic;
				CURRENT_PROJECT_VERSION = 1;
				GENERATE_INFOPLIST_FILE = YES;
				IPHONEOS_DEPLOYMENT_TARGET = 17.0;
				MARKETING_VERSION = 1.0;
				PRODUCT_BUNDLE_IDENTIFIER = giddy.MemoriesTests;
				PRODUCT_NAME = "$(TARGET_NAME)";
				SWIFT_EMIT_LOC_STRINGS = NO;
				SWIFT_VERSION = 5.0;
				TARGETED_DEVICE_FAMILY = "1,2";
				TEST_HOST = "$(BUILT_PRODUCTS_DIR)/Memories.app/$(BUNDLE_EXECUTABLE_FOLDER_PATH)/Memories";
			};
			name = Release;
		};
		0B03C48A2B05602F00CD7FA7 /* Debug */ = {
			isa = XCBuildConfiguration;
			buildSettings = {
				ALWAYS_EMBED_SWIFT_STANDARD_LIBRARIES = YES;
				CODE_SIGN_STYLE = Automatic;
				CURRENT_PROJECT_VERSION = 1;
				GENERATE_INFOPLIST_FILE = YES;
				MARKETING_VERSION = 1.0;
				PRODUCT_BUNDLE_IDENTIFIER = giddy.MemoriesUITests;
				PRODUCT_NAME = "$(TARGET_NAME)";
				SWIFT_EMIT_LOC_STRINGS = NO;
				SWIFT_VERSION = 5.0;
				TARGETED_DEVICE_FAMILY = "1,2";
				TEST_TARGET_NAME = Memories;
			};
			name = Debug;
		};
		0B03C48B2B05602F00CD7FA7 /* Release */ = {
			isa = XCBuildConfiguration;
			buildSettings = {
				ALWAYS_EMBED_SWIFT_STANDARD_LIBRARIES = YES;
				CODE_SIGN_STYLE = Automatic;
				CURRENT_PROJECT_VERSION = 1;
				GENERATE_INFOPLIST_FILE = YES;
				MARKETING_VERSION = 1.0;
				PRODUCT_BUNDLE_IDENTIFIER = giddy.MemoriesUITests;
				PRODUCT_NAME = "$(TARGET_NAME)";
				SWIFT_EMIT_LOC_STRINGS = NO;
				SWIFT_VERSION = 5.0;
				TARGETED_DEVICE_FAMILY = "1,2";
				TEST_TARGET_NAME = Memories;
			};
			name = Release;
		};
/* End XCBuildConfiguration section */

/* Begin XCConfigurationList section */
		0B03C45A2B05602D00CD7FA7 /* Build configuration list for PBXProject "Memories" */ = {
			isa = XCConfigurationList;
			buildConfigurations = (
				0B03C4812B05602F00CD7FA7 /* Debug */,
				0B03C4822B05602F00CD7FA7 /* Release */,
			);
			defaultConfigurationIsVisible = 0;
			defaultConfigurationName = Release;
		};
		0B03C4832B05602F00CD7FA7 /* Build configuration list for PBXNativeTarget "Memories" */ = {
			isa = XCConfigurationList;
			buildConfigurations = (
				0B03C4842B05602F00CD7FA7 /* Debug */,
				0B03C4852B05602F00CD7FA7 /* Release */,
			);
			defaultConfigurationIsVisible = 0;
			defaultConfigurationName = Release;
		};
		0B03C4862B05602F00CD7FA7 /* Build configuration list for PBXNativeTarget "MemoriesTests" */ = {
			isa = XCConfigurationList;
			buildConfigurations = (
				0B03C4872B05602F00CD7FA7 /* Debug */,
				0B03C4882B05602F00CD7FA7 /* Release */,
			);
			defaultConfigurationIsVisible = 0;
			defaultConfigurationName = Release;
		};
		0B03C4892B05602F00CD7FA7 /* Build configuration list for PBXNativeTarget "MemoriesUITests" */ = {
			isa = XCConfigurationList;
			buildConfigurations = (
				0B03C48A2B05602F00CD7FA7 /* Debug */,
				0B03C48B2B05602F00CD7FA7 /* Release */,
			);
			defaultConfigurationIsVisible = 0;
			defaultConfigurationName = Release;
		};
/* End XCConfigurationList section */
	};
	rootObject = 0B03C4572B05602D00CD7FA7 /* Project object */;
}
